{
  "name": "weblang",
  "version": "0.14.1",
  "lockfileVersion": 2,
  "requires": true,
  "packages": {
    "": {
      "name": "weblang",
      "version": "0.14.1",
      "license": "MIT",
      "dependencies": {
        "d8a": "^0.10.2",
        "extras": "^0.17.0",
        "js-yaml": "github:eldoy/js-yaml",
        "lodash": "^4.17.21"
      },
      "devDependencies": {
        "spekk": "^0.3.2"
      }
    },
    "node_modules/@noble/hashes": {
      "version": "1.3.2",
      "resolved": "https://registry.npmjs.org/@noble/hashes/-/hashes-1.3.2.tgz",
      "integrity": "sha512-MVC8EAQp7MvEcm30KWENFjgR+Mkmf+D189XJTkFIlwohU5hcBbn1ZkKq7KVTi2Hme3PMGF390DaL52beVrIihQ==",
      "engines": {
        "node": ">= 16"
      },
      "funding": {
        "url": "https://paulmillr.com/funding/"
      }
    },
    "node_modules/@paralleldrive/cuid2": {
      "version": "2.2.2",
      "resolved": "https://registry.npmjs.org/@paralleldrive/cuid2/-/cuid2-2.2.2.tgz",
      "integrity": "sha512-ZOBkgDwEdoYVlSeRbYYXs0S9MejQofiVYoTbKzy/6GQa39/q5tQU2IX46+shYnUkpEl3wc+J6wRlar7r2EK2xA==",
      "dependencies": {
        "@noble/hashes": "^1.1.5"
      }
    },
    "node_modules/argparse": {
      "version": "2.0.1",
      "resolved": "https://registry.npmjs.org/argparse/-/argparse-2.0.1.tgz",
      "integrity": "sha512-8+9WqebbFzpX9OR+Wa6O29asIogeRMzcGtAINdpMHHyAg10f05aSFVBbcEqGf/PXw1EjAZ+q2/bEBg3DvurK3Q=="
    },
    "node_modules/bcryptjs": {
      "version": "2.4.3",
      "resolved": "https://registry.npmjs.org/bcryptjs/-/bcryptjs-2.4.3.tgz",
      "integrity": "sha1-mrVie5PmBiH/fNrF2pczAn3x0Ms="
    },
    "node_modules/conficurse": {
      "version": "0.5.11",
      "resolved": "https://registry.npmjs.org/conficurse/-/conficurse-0.5.11.tgz",
      "integrity": "sha512-P22PWl0bszZMqsvw4wZm/toUV+qnUser5CNYzmO8Q6ihvGkCVBFdjmPvhHsuw75v7tPPMb1avLQqquek8UQ0VQ==",
      "dev": true,
      "license": "MIT",
      "dependencies": {
        "extras": "^0.15.0",
        "require-from-string": "^2.0.2"
      }
    },
    "node_modules/conficurse/node_modules/extras": {
      "version": "0.15.1",
      "resolved": "https://registry.npmjs.org/extras/-/extras-0.15.1.tgz",
      "integrity": "sha512-h/l2zp88xk/5a3Ldk37HMEvV2zep6rZCGxW2jG24Sbq4BHEu8fKfhn9PCupQ/i4iPFDtRy0sVw2kDKLbZV7ESA==",
      "dev": true,
      "license": "MIT",
      "dependencies": {
        "@paralleldrive/cuid2": "^2.2.2",
        "bcryptjs": "^2.4.3",
        "js-yaml": "^4.1.0",
        "lodash": "^4.17.21",
        "uuid": "^10.0.0"
      }
    },
    "node_modules/d8a": {
      "version": "0.10.2",
      "resolved": "https://registry.npmjs.org/d8a/-/d8a-0.10.2.tgz",
      "integrity": "sha512-lF33UOKDs3xk3bYCqgTnWMlq0kcvCFihMAPsRb4ye8To3Z+D1CKw/RIH3P4A0Mq+J8o/RnxgUmYswwakZgp3Zg==",
      "license": "MIT",
      "dependencies": {
        "extras": "^0.15.0"
      }
    },
    "node_modules/d8a/node_modules/extras": {
      "version": "0.15.1",
      "resolved": "https://registry.npmjs.org/extras/-/extras-0.15.1.tgz",
      "integrity": "sha512-h/l2zp88xk/5a3Ldk37HMEvV2zep6rZCGxW2jG24Sbq4BHEu8fKfhn9PCupQ/i4iPFDtRy0sVw2kDKLbZV7ESA==",
      "license": "MIT",
      "dependencies": {
        "@paralleldrive/cuid2": "^2.2.2",
        "bcryptjs": "^2.4.3",
        "js-yaml": "^4.1.0",
        "lodash": "^4.17.21",
        "uuid": "^10.0.0"
      }
    },
    "node_modules/extras": {
      "version": "0.17.0",
      "resolved": "https://registry.npmjs.org/extras/-/extras-0.17.0.tgz",
      "integrity": "sha512-v1PrOTzpZkOhQ4NjQXLhigGVRnL3cEj2r5GZ2pnEZinsH72iQUwOEeY+gRKDITAbEYzkNwnKi3Z138V0lyXYAg==",
      "license": "MIT",
      "dependencies": {
        "@paralleldrive/cuid2": "^2.2.2",
        "bcryptjs": "^2.4.3",
        "js-yaml": "^4.1.0",
        "lodash": "^4.17.21",
        "uuid": "^10.0.0"
      }
    },
    "node_modules/js-yaml": {
      "version": "4.1.0",
      "resolved": "git+ssh://git@github.com/eldoy/js-yaml.git#d58b34c29830ae7fd1207fa1adde2666fceab6d6",
      "license": "MIT",
      "dependencies": {
        "argparse": "^2.0.1"
      },
      "bin": {
        "js-yaml": "bin/js-yaml.js"
      }
    },
    "node_modules/lodash": {
      "version": "4.17.21",
      "resolved": "https://registry.npmjs.org/lodash/-/lodash-4.17.21.tgz",
      "integrity": "sha512-v2kDEe57lecTulaDIuNTPy3Ry4gLGJ6Z1O3vE1krgXZNrsQ+LFTGHVxVjcXPs17LhbZVGedAJv8XZ1tvj5FvSg=="
    },
    "node_modules/require-from-string": {
      "version": "2.0.2",
      "resolved": "https://registry.npmjs.org/require-from-string/-/require-from-string-2.0.2.tgz",
      "integrity": "sha512-Xf0nWe6RseziFMu+Ap9biiUbmplq6S9/p+7w7YXP/JBHhrUDDUhwa+vANyubuqfZWTveU//DYVGsDG7RKL/vEw==",
      "dev": true,
      "license": "MIT",
      "engines": {
        "node": ">=0.10.0"
      }
    },
    "node_modules/spekk": {
      "version": "0.3.2",
      "resolved": "https://registry.npmjs.org/spekk/-/spekk-0.3.2.tgz",
      "integrity": "sha512-Dx74JrLSYtn7+u6uccGWZCQJ2xf7h0NURmVFikwTD7jfR2EZslK92aXH8vbHNPqJoefZQfWOPGcmHzWcZEIqTw==",
      "dev": true,
      "license": "MIT",
      "dependencies": {
        "conficurse": "^0.5.10"
      },
      "bin": {
        "spekk": "bin/spekk.js"
      }
    },
    "node_modules/uuid": {
      "version": "10.0.0",
      "resolved": "https://registry.npmjs.org/uuid/-/uuid-10.0.0.tgz",
      "integrity": "sha512-8XkAphELsDnEGrDxUOHB3RGvXz6TeuYSGEZBOjtTtPm2lwhGBjLgOzLHB63IUWfBpNucQjND6d3AOudO+H3RWQ==",
      "funding": [
        "https://github.com/sponsors/broofa",
        "https://github.com/sponsors/ctavan"
      ],
      "license": "MIT",
      "bin": {
        "uuid": "dist/bin/uuid"
      }
    }
  },
  "dependencies": {
    "@noble/hashes": {
      "version": "1.3.2",
      "resolved": "https://registry.npmjs.org/@noble/hashes/-/hashes-1.3.2.tgz",
      "integrity": "sha512-MVC8EAQp7MvEcm30KWENFjgR+Mkmf+D189XJTkFIlwohU5hcBbn1ZkKq7KVTi2Hme3PMGF390DaL52beVrIihQ=="
    },
    "@paralleldrive/cuid2": {
      "version": "2.2.2",
      "resolved": "https://registry.npmjs.org/@paralleldrive/cuid2/-/cuid2-2.2.2.tgz",
      "integrity": "sha512-ZOBkgDwEdoYVlSeRbYYXs0S9MejQofiVYoTbKzy/6GQa39/q5tQU2IX46+shYnUkpEl3wc+J6wRlar7r2EK2xA==",
      "requires": {
        "@noble/hashes": "^1.1.5"
      }
    },
    "argparse": {
      "version": "2.0.1",
      "resolved": "https://registry.npmjs.org/argparse/-/argparse-2.0.1.tgz",
      "integrity": "sha512-8+9WqebbFzpX9OR+Wa6O29asIogeRMzcGtAINdpMHHyAg10f05aSFVBbcEqGf/PXw1EjAZ+q2/bEBg3DvurK3Q=="
    },
    "bcryptjs": {
      "version": "2.4.3",
      "resolved": "https://registry.npmjs.org/bcryptjs/-/bcryptjs-2.4.3.tgz",
      "integrity": "sha1-mrVie5PmBiH/fNrF2pczAn3x0Ms="
    },
    "conficurse": {
      "version": "0.5.11",
      "resolved": "https://registry.npmjs.org/conficurse/-/conficurse-0.5.11.tgz",
      "integrity": "sha512-P22PWl0bszZMqsvw4wZm/toUV+qnUser5CNYzmO8Q6ihvGkCVBFdjmPvhHsuw75v7tPPMb1avLQqquek8UQ0VQ==",
      "dev": true,
      "requires": {
        "extras": "^0.15.0",
        "require-from-string": "^2.0.2"
      },
      "dependencies": {
        "extras": {
          "version": "0.15.1",
          "resolved": "https://registry.npmjs.org/extras/-/extras-0.15.1.tgz",
          "integrity": "sha512-h/l2zp88xk/5a3Ldk37HMEvV2zep6rZCGxW2jG24Sbq4BHEu8fKfhn9PCupQ/i4iPFDtRy0sVw2kDKLbZV7ESA==",
          "dev": true,
          "requires": {
            "@paralleldrive/cuid2": "^2.2.2",
            "bcryptjs": "^2.4.3",
            "js-yaml": "^4.1.0",
            "lodash": "^4.17.21",
            "uuid": "^10.0.0"
          }
        }
      }
    },
    "d8a": {
      "version": "0.10.2",
      "resolved": "https://registry.npmjs.org/d8a/-/d8a-0.10.2.tgz",
      "integrity": "sha512-lF33UOKDs3xk3bYCqgTnWMlq0kcvCFihMAPsRb4ye8To3Z+D1CKw/RIH3P4A0Mq+J8o/RnxgUmYswwakZgp3Zg==",
      "requires": {
        "extras": "^0.15.0"
      },
      "dependencies": {
        "extras": {
          "version": "0.15.1",
          "resolved": "https://registry.npmjs.org/extras/-/extras-0.15.1.tgz",
          "integrity": "sha512-h/l2zp88xk/5a3Ldk37HMEvV2zep6rZCGxW2jG24Sbq4BHEu8fKfhn9PCupQ/i4iPFDtRy0sVw2kDKLbZV7ESA==",
          "requires": {
            "@paralleldrive/cuid2": "^2.2.2",
            "bcryptjs": "^2.4.3",
            "js-yaml": "^4.1.0",
            "lodash": "^4.17.21",
            "uuid": "^10.0.0"
          }
        }
      }
    },
    "extras": {
      "version": "0.17.0",
      "resolved": "https://registry.npmjs.org/extras/-/extras-0.17.0.tgz",
      "integrity": "sha512-v1PrOTzpZkOhQ4NjQXLhigGVRnL3cEj2r5GZ2pnEZinsH72iQUwOEeY+gRKDITAbEYzkNwnKi3Z138V0lyXYAg==",
      "requires": {
        "@paralleldrive/cuid2": "^2.2.2",
        "bcryptjs": "^2.4.3",
        "js-yaml": "^4.1.0",
        "lodash": "^4.17.21",
        "uuid": "^10.0.0"
      }
    },
    "js-yaml": {
      "version": "git+ssh://git@github.com/eldoy/js-yaml.git#d58b34c29830ae7fd1207fa1adde2666fceab6d6",
      "from": "js-yaml@github:eldoy/js-yaml",
      "requires": {
        "argparse": "^2.0.1"
      }
    },
    "lodash": {
      "version": "4.17.21",
      "resolved": "https://registry.npmjs.org/lodash/-/lodash-4.17.21.tgz",
      "integrity": "sha512-v2kDEe57lecTulaDIuNTPy3Ry4gLGJ6Z1O3vE1krgXZNrsQ+LFTGHVxVjcXPs17LhbZVGedAJv8XZ1tvj5FvSg=="
    },
    "require-from-string": {
      "version": "2.0.2",
      "resolved": "https://registry.npmjs.org/require-from-string/-/require-from-string-2.0.2.tgz",
      "integrity": "sha512-Xf0nWe6RseziFMu+Ap9biiUbmplq6S9/p+7w7YXP/JBHhrUDDUhwa+vANyubuqfZWTveU//DYVGsDG7RKL/vEw==",
      "dev": true
    },
    "spekk": {
      "version": "0.3.2",
      "resolved": "https://registry.npmjs.org/spekk/-/spekk-0.3.2.tgz",
      "integrity": "sha512-Dx74JrLSYtn7+u6uccGWZCQJ2xf7h0NURmVFikwTD7jfR2EZslK92aXH8vbHNPqJoefZQfWOPGcmHzWcZEIqTw==",
      "dev": true,
      "requires": {
        "conficurse": "^0.5.10"
      }
    },
    "uuid": {
      "version": "10.0.0",
      "resolved": "https://registry.npmjs.org/uuid/-/uuid-10.0.0.tgz",
      "integrity": "sha512-8XkAphELsDnEGrDxUOHB3RGvXz6TeuYSGEZBOjtTtPm2lwhGBjLgOzLHB63IUWfBpNucQjND6d3AOudO+H3RWQ=="
    }
  }
}
